
Microsoft Visual Studio Solution File, Format Version 12.00
# Visual Studio Version 16
VisualStudioVersion = 16.0.30523.141
MinimumVisualStudioVersion = 10.0.40219.1
Project("{9A19103F-16F7-4668-BE54-9A1E7A4F7556}") = "BoatRace", "ConsoleApp1\BoatRace.csproj", "{A81F32C1-B0EE-4D57-8083-519045A1D558}"
EndProject
Project("{FAE04EC0-301F-11D3-BF4B-00C04F79EFBC}") = "BoatRaceExample.Tests", "BoatRaceExample.Tests\BoatRaceExample.Tests.csproj", "{3915DB6F-6259-4F30-A673-1F087E59B4B5}"
EndProject
Global
	GlobalSection(SolutionConfigurationPlatforms) = preSolution
		Debug|Any CPU = Debug|Any CPU
		Release|Any CPU = Release|Any CPU
	EndGlobalSection
	GlobalSection(ProjectConfigurationPlatforms) = postSolution
		{A81F32C1-B0EE-4D57-8083-519045A1D558}.Debug|Any CPU.ActiveCfg = Debug|Any CPU
		{A81F32C1-B0EE-4D57-8083-519045A1D558}.Debug|Any CPU.Build.0 = Debug|Any CPU
		{A81F32C1-B0EE-4D57-8083-519045A1D558}.Release|Any CPU.ActiveCfg = Release|Any CPU
		{A81F32C1-B0EE-4D57-8083-519045A1D558}.Release|Any CPU.Build.0 = Release|Any CPU
		{3915DB6F-6259-4F30-A673-1F087E59B4B5}.Debug|Any CPU.ActiveCfg = Debug|Any CPU
		{3915DB6F-6259-4F30-A673-1F087E59B4B5}.Debug|Any CPU.Build.0 = Debug|Any CPU
		{3915DB6F-6259-4F30-A673-1F087E59B4B5}.Release|Any CPU.ActiveCfg = Release|Any CPU
		{3915DB6F-6259-4F30-A673-1F087E59B4B5}.Release|Any CPU.Build.0 = Release|Any CPU
	EndGlobalSection
	GlobalSection(SolutionProperties) = preSolution
		HideSolutionNode = FALSE
	EndGlobalSection
	GlobalSection(ExtensibilityGlobals) = postSolution
		SolutionGuid = {76BB6E09-B59A-4F98-A7D3-D603CA4DECC4}
	EndGlobalSection
EndGlobal
